// !$*UTF8*$!
{
	archiveVersion = 1;
	classes = {
	};
	objectVersion = 48;
	objects = {

/* Begin PBXBuildFile section */
		C20194022058B198005ED7DC /* LocationMO.swift in Sources */ = {isa = PBXBuildFile; fileRef = C20194012058B198005ED7DC /* LocationMO.swift */; };
		C21E4E9F20A3D31000D07557 /* GradientView.swift in Sources */ = {isa = PBXBuildFile; fileRef = C21E4E9E20A3D31000D07557 /* GradientView.swift */; };
		C22055CC2080230C00FCE437 /* ZikrQuranViewModel.swift in Sources */ = {isa = PBXBuildFile; fileRef = C22055CB2080230B00FCE437 /* ZikrQuranViewModel.swift */; };
		C224DD872086DBD50089A9F0 /* ZikrModel.swift in Sources */ = {isa = PBXBuildFile; fileRef = C224DD862086DBD50089A9F0 /* ZikrModel.swift */; };
		C224DD9120896F030089A9F0 /* ZikrTableViewCell.xib in Resources */ = {isa = PBXBuildFile; fileRef = C224DD8F20896F030089A9F0 /* ZikrTableViewCell.xib */; };
		C224DD99208D61290089A9F0 /* ZikrTableViewCell.swift in Sources */ = {isa = PBXBuildFile; fileRef = C224DD98208D61290089A9F0 /* ZikrTableViewCell.swift */; };
		C224DDBF208EB2CD0089A9F0 /* Model.xcdatamodeld in Sources */ = {isa = PBXBuildFile; fileRef = C224DDBD208EB2CD0089A9F0 /* Model.xcdatamodeld */; };
		C224DDC1208ED2560089A9F0 /* CoreDataManager.swift in Sources */ = {isa = PBXBuildFile; fileRef = C224DDC0208ED2560089A9F0 /* CoreDataManager.swift */; };
		C22607E7205D5486001787CF /* AzkarClient.swift in Sources */ = {isa = PBXBuildFile; fileRef = C22607E6205D5486001787CF /* AzkarClient.swift */; };
		C22607E9205D5E75001787CF /* AzkarData.swift in Sources */ = {isa = PBXBuildFile; fileRef = C22607E8205D5E75001787CF /* AzkarData.swift */; };
		C235B4DB205E93C60083DA14 /* UserDefaults+Zikr.swift in Sources */ = {isa = PBXBuildFile; fileRef = C235B4DA205E93C60083DA14 /* UserDefaults+Zikr.swift */; };
		C23942B82055A95C00637428 /* Assets.xcassets in Resources */ = {isa = PBXBuildFile; fileRef = C23942B72055A95C00637428 /* Assets.xcassets */; };
		C23942BB2055AEF500637428 /* UnauthenticatedEndpoints.swift in Sources */ = {isa = PBXBuildFile; fileRef = C23942BA2055AEF500637428 /* UnauthenticatedEndpoints.swift */; };
		C23942CE2055BEFB00637428 /* Constants.swift in Sources */ = {isa = PBXBuildFile; fileRef = C23942CD2055BEFB00637428 /* Constants.swift */; };
		C23942D12055C37600637428 /* ZikrNotificationTime.swift in Sources */ = {isa = PBXBuildFile; fileRef = C23942D02055C37500637428 /* ZikrNotificationTime.swift */; };
		C23942D42055C81E00637428 /* ClientError.swift in Sources */ = {isa = PBXBuildFile; fileRef = C23942D32055C81E00637428 /* ClientError.swift */; };
		C23942D72055E27100637428 /* Date+Zikr.swift in Sources */ = {isa = PBXBuildFile; fileRef = C23942D62055E27100637428 /* Date+Zikr.swift */; };
		C24E77202052376D00C3571D /* AzkarNotificationsModel.swift in Sources */ = {isa = PBXBuildFile; fileRef = C24E771F2052376D00C3571D /* AzkarNotificationsModel.swift */; };
		C263AC8720561A1200F72703 /* CalculationMethod.swift in Sources */ = {isa = PBXBuildFile; fileRef = C263AC8620561A1200F72703 /* CalculationMethod.swift */; };
		C263AC892057617400F72703 /* Location.swift in Sources */ = {isa = PBXBuildFile; fileRef = C263AC882057617400F72703 /* Location.swift */; };
		C281503D204CBED600F6117B /* LaunchScreen.storyboard in Resources */ = {isa = PBXBuildFile; fileRef = C281503B204CBED600F6117B /* LaunchScreen.storyboard */; };
		C281504E204CD8D000F6117B /* AppTabController.swift in Sources */ = {isa = PBXBuildFile; fileRef = C281504D204CD8D000F6117B /* AppTabController.swift */; };
		C2815054204F783100F6117B /* AppDelegate.swift in Sources */ = {isa = PBXBuildFile; fileRef = C2815053204F783100F6117B /* AppDelegate.swift */; };
		C28794CF20682CEC007FEBE4 /* Alamofire.framework in Frameworks */ = {isa = PBXBuildFile; fileRef = C23942BD2055B19300637428 /* Alamofire.framework */; };
		C28794D020682CEC007FEBE4 /* Result.framework in Frameworks */ = {isa = PBXBuildFile; fileRef = C23942BE2055B19300637428 /* Result.framework */; };
		C28794D220682D5D007FEBE4 /* Nimble.framework in CopyFiles */ = {isa = PBXBuildFile; fileRef = C25EDB7B2068298A00CF164F /* Nimble.framework */; settings = {ATTRIBUTES = (CodeSignOnCopy, RemoveHeadersOnCopy, ); }; };
		C28794D320682D5D007FEBE4 /* Quick.framework in CopyFiles */ = {isa = PBXBuildFile; fileRef = C25EDB7A2068298900CF164F /* Quick.framework */; settings = {ATTRIBUTES = (CodeSignOnCopy, RemoveHeadersOnCopy, ); }; };
		C28794D520682D74007FEBE4 /* Alamofire.framework in CopyFiles */ = {isa = PBXBuildFile; fileRef = C23942BD2055B19300637428 /* Alamofire.framework */; settings = {ATTRIBUTES = (CodeSignOnCopy, RemoveHeadersOnCopy, ); }; };
		C28794D620682D74007FEBE4 /* Result.framework in CopyFiles */ = {isa = PBXBuildFile; fileRef = C23942BE2055B19300637428 /* Result.framework */; settings = {ATTRIBUTES = (CodeSignOnCopy, RemoveHeadersOnCopy, ); }; };
		C28794D720682E77007FEBE4 /* Moya.framework in Frameworks */ = {isa = PBXBuildFile; fileRef = C23942C02055B19300637428 /* Moya.framework */; };
		C28794D820682E8C007FEBE4 /* Moya.framework in CopyFiles */ = {isa = PBXBuildFile; fileRef = C23942C02055B19300637428 /* Moya.framework */; settings = {ATTRIBUTES = (CodeSignOnCopy, RemoveHeadersOnCopy, ); }; };
		C28794D920682EBA007FEBE4 /* SwiftyJSON.framework in Frameworks */ = {isa = PBXBuildFile; fileRef = C23942BF2055B19300637428 /* SwiftyJSON.framework */; };
		C28794DA20682EC0007FEBE4 /* SwiftyJSON.framework in CopyFiles */ = {isa = PBXBuildFile; fileRef = C23942BF2055B19300637428 /* SwiftyJSON.framework */; settings = {ATTRIBUTES = (CodeSignOnCopy, RemoveHeadersOnCopy, ); }; };
		C28803142063466800C68F03 /* DoaaTableViewController.swift in Sources */ = {isa = PBXBuildFile; fileRef = C28803122063466800C68F03 /* DoaaTableViewController.swift */; };
		C28803152063466800C68F03 /* DoaaTableViewController.xib in Resources */ = {isa = PBXBuildFile; fileRef = C28803132063466800C68F03 /* DoaaTableViewController.xib */; };
		C2CA97EE207ADA9100D25D4C /* AzkarViewController.swift in Sources */ = {isa = PBXBuildFile; fileRef = C2CA97EC207ADA9100D25D4C /* AzkarViewController.swift */; };
		C2CA97EF207ADA9100D25D4C /* AzkarViewController.xib in Resources */ = {isa = PBXBuildFile; fileRef = C2CA97ED207ADA9100D25D4C /* AzkarViewController.xib */; };
		C2CA97F1207EE04700D25D4C /* share.png in Resources */ = {isa = PBXBuildFile; fileRef = C2CA97F0207EE04700D25D4C /* share.png */; };
		C2CA97F3207EE0EF00D25D4C /* favorite.png in Resources */ = {isa = PBXBuildFile; fileRef = C2CA97F2207EE0EF00D25D4C /* favorite.png */; };
		C2CAAB2220B2399C00EA4148 /* 112.mp3 in Resources */ = {isa = PBXBuildFile; fileRef = C2CAAB2120B2399C00EA4148 /* 112.mp3 */; };
		C2E7F27B20CC20820061B73E /* UIViewController+Zikr.swift in Sources */ = {isa = PBXBuildFile; fileRef = C2E7F27A20CC20820061B73E /* UIViewController+Zikr.swift */; };
		C2E7F28320CC880F0061B73E /* SettingsViewModel.swift in Sources */ = {isa = PBXBuildFile; fileRef = C2E7F28220CC880E0061B73E /* SettingsViewModel.swift */; };
		C2E7F28620CC995A0061B73E /* SettingsTableViewController.swift in Sources */ = {isa = PBXBuildFile; fileRef = C2E7F28420CC995A0061B73E /* SettingsTableViewController.swift */; };
		C2E7F28720CC995A0061B73E /* SettingsTableViewController.xib in Resources */ = {isa = PBXBuildFile; fileRef = C2E7F28520CC995A0061B73E /* SettingsTableViewController.xib */; };
		C2E7F28A20CC9A5B0061B73E /* ChangeLocationTableViewController.swift in Sources */ = {isa = PBXBuildFile; fileRef = C2E7F28820CC9A5B0061B73E /* ChangeLocationTableViewController.swift */; };
		C2E7F28B20CC9A5B0061B73E /* ChangeLocationTableViewController.xib in Resources */ = {isa = PBXBuildFile; fileRef = C2E7F28920CC9A5B0061B73E /* ChangeLocationTableViewController.xib */; };
		C2E7F28E20CC9B250061B73E /* CalculationMethodTableViewController.swift in Sources */ = {isa = PBXBuildFile; fileRef = C2E7F28C20CC9B250061B73E /* CalculationMethodTableViewController.swift */; };
		C2E7F28F20CC9B250061B73E /* CalculationMethodTableViewController.xib in Resources */ = {isa = PBXBuildFile; fileRef = C2E7F28D20CC9B250061B73E /* CalculationMethodTableViewController.xib */; };
		C2E7F29220CDB5D60061B73E /* ZikrActionsTableViewCell.swift in Sources */ = {isa = PBXBuildFile; fileRef = C2E7F29020CDB5D60061B73E /* ZikrActionsTableViewCell.swift */; };
		C2E7F29320CDB5D60061B73E /* ZikrActionsTableViewCell.xib in Resources */ = {isa = PBXBuildFile; fileRef = C2E7F29120CDB5D60061B73E /* ZikrActionsTableViewCell.xib */; };
		C2F8C93620648F0500630B0A /* zikrTests.swift in Sources */ = {isa = PBXBuildFile; fileRef = C2F8C93520648F0500630B0A /* zikrTests.swift */; };
/* End PBXBuildFile section */

/* Begin PBXContainerItemProxy section */
		C2F8C93820648F0500630B0A /* PBXContainerItemProxy */ = {
			isa = PBXContainerItemProxy;
			containerPortal = C2815027204CBED600F6117B /* Project object */;
			proxyType = 1;
			remoteGlobalIDString = C281502E204CBED600F6117B;
			remoteInfo = zikr;
		};
/* End PBXContainerItemProxy section */

/* Begin PBXCopyFilesBuildPhase section */
		C28794D120682D4C007FEBE4 /* CopyFiles */ = {
			isa = PBXCopyFilesBuildPhase;
			buildActionMask = 2147483647;
			dstPath = "";
			dstSubfolderSpec = 10;
			files = (
				C28794D220682D5D007FEBE4 /* Nimble.framework in CopyFiles */,
				C28794D320682D5D007FEBE4 /* Quick.framework in CopyFiles */,
			);
			runOnlyForDeploymentPostprocessing = 0;
		};
		C28794D420682D66007FEBE4 /* CopyFiles */ = {
			isa = PBXCopyFilesBuildPhase;
			buildActionMask = 2147483647;
			dstPath = "";
			dstSubfolderSpec = 10;
			files = (
				C28794DA20682EC0007FEBE4 /* SwiftyJSON.framework in CopyFiles */,
				C28794D820682E8C007FEBE4 /* Moya.framework in CopyFiles */,
				C28794D520682D74007FEBE4 /* Alamofire.framework in CopyFiles */,
				C28794D620682D74007FEBE4 /* Result.framework in CopyFiles */,
			);
			runOnlyForDeploymentPostprocessing = 0;
		};
/* End PBXCopyFilesBuildPhase section */

/* Begin PBXFileReference section */
		C20194012058B198005ED7DC /* LocationMO.swift */ = {isa = PBXFileReference; lastKnownFileType = sourcecode.swift; path = LocationMO.swift; sourceTree = "<group>"; };
		C21E4E9E20A3D31000D07557 /* GradientView.swift */ = {isa = PBXFileReference; lastKnownFileType = sourcecode.swift; path = GradientView.swift; sourceTree = "<group>"; };
		C22055CB2080230B00FCE437 /* ZikrQuranViewModel.swift */ = {isa = PBXFileReference; lastKnownFileType = sourcecode.swift; path = ZikrQuranViewModel.swift; sourceTree = "<group>"; };
		C224DD862086DBD50089A9F0 /* ZikrModel.swift */ = {isa = PBXFileReference; lastKnownFileType = sourcecode.swift; path = ZikrModel.swift; sourceTree = "<group>"; };
		C224DD8F20896F030089A9F0 /* ZikrTableViewCell.xib */ = {isa = PBXFileReference; lastKnownFileType = file.xib; path = ZikrTableViewCell.xib; sourceTree = "<group>"; };
		C224DD98208D61290089A9F0 /* ZikrTableViewCell.swift */ = {isa = PBXFileReference; lastKnownFileType = sourcecode.swift; path = ZikrTableViewCell.swift; sourceTree = "<group>"; };
		C224DDBE208EB2CD0089A9F0 /* Model.xcdatamodel */ = {isa = PBXFileReference; lastKnownFileType = wrapper.xcdatamodel; path = Model.xcdatamodel; sourceTree = "<group>"; };
		C224DDC0208ED2560089A9F0 /* CoreDataManager.swift */ = {isa = PBXFileReference; lastKnownFileType = sourcecode.swift; path = CoreDataManager.swift; sourceTree = "<group>"; };
		C22607E6205D5486001787CF /* AzkarClient.swift */ = {isa = PBXFileReference; fileEncoding = 4; lastKnownFileType = sourcecode.swift; path = AzkarClient.swift; sourceTree = "<group>"; };
		C22607E8205D5E75001787CF /* AzkarData.swift */ = {isa = PBXFileReference; lastKnownFileType = sourcecode.swift; path = AzkarData.swift; sourceTree = "<group>"; };
		C235B4DA205E93C60083DA14 /* UserDefaults+Zikr.swift */ = {isa = PBXFileReference; lastKnownFileType = sourcecode.swift; path = "UserDefaults+Zikr.swift"; sourceTree = "<group>"; };
		C23942B72055A95C00637428 /* Assets.xcassets */ = {isa = PBXFileReference; lastKnownFileType = folder.assetcatalog; path = Assets.xcassets; sourceTree = "<group>"; };
		C23942BA2055AEF500637428 /* UnauthenticatedEndpoints.swift */ = {isa = PBXFileReference; lastKnownFileType = sourcecode.swift; path = UnauthenticatedEndpoints.swift; sourceTree = "<group>"; };
		C23942BD2055B19300637428 /* Alamofire.framework */ = {isa = PBXFileReference; lastKnownFileType = wrapper.framework; name = Alamofire.framework; path = Carthage/Build/iOS/Alamofire.framework; sourceTree = "<group>"; };
		C23942BE2055B19300637428 /* Result.framework */ = {isa = PBXFileReference; lastKnownFileType = wrapper.framework; name = Result.framework; path = Carthage/Build/iOS/Result.framework; sourceTree = "<group>"; };
		C23942BF2055B19300637428 /* SwiftyJSON.framework */ = {isa = PBXFileReference; lastKnownFileType = wrapper.framework; name = SwiftyJSON.framework; path = Carthage/Build/iOS/SwiftyJSON.framework; sourceTree = "<group>"; };
		C23942C02055B19300637428 /* Moya.framework */ = {isa = PBXFileReference; lastKnownFileType = wrapper.framework; name = Moya.framework; path = Carthage/Build/iOS/Moya.framework; sourceTree = "<group>"; };
		C23942CD2055BEFB00637428 /* Constants.swift */ = {isa = PBXFileReference; lastKnownFileType = sourcecode.swift; path = Constants.swift; sourceTree = "<group>"; };
		C23942D02055C37500637428 /* ZikrNotificationTime.swift */ = {isa = PBXFileReference; lastKnownFileType = sourcecode.swift; path = ZikrNotificationTime.swift; sourceTree = "<group>"; };
		C23942D32055C81E00637428 /* ClientError.swift */ = {isa = PBXFileReference; lastKnownFileType = sourcecode.swift; path = ClientError.swift; sourceTree = "<group>"; };
		C23942D62055E27100637428 /* Date+Zikr.swift */ = {isa = PBXFileReference; lastKnownFileType = sourcecode.swift; path = "Date+Zikr.swift"; sourceTree = "<group>"; };
		C24E771F2052376D00C3571D /* AzkarNotificationsModel.swift */ = {isa = PBXFileReference; lastKnownFileType = sourcecode.swift; path = AzkarNotificationsModel.swift; sourceTree = "<group>"; };
		C25EDB7A2068298900CF164F /* Quick.framework */ = {isa = PBXFileReference; lastKnownFileType = wrapper.framework; name = Quick.framework; path = Carthage/Build/iOS/Quick.framework; sourceTree = "<group>"; };
		C25EDB7B2068298A00CF164F /* Nimble.framework */ = {isa = PBXFileReference; lastKnownFileType = wrapper.framework; name = Nimble.framework; path = Carthage/Build/iOS/Nimble.framework; sourceTree = "<group>"; };
		C263AC8620561A1200F72703 /* CalculationMethod.swift */ = {isa = PBXFileReference; lastKnownFileType = sourcecode.swift; path = CalculationMethod.swift; sourceTree = "<group>"; };
		C263AC882057617400F72703 /* Location.swift */ = {isa = PBXFileReference; lastKnownFileType = sourcecode.swift; path = Location.swift; sourceTree = "<group>"; };
		C263AC8E20576A0D00F72703 /* CoreLocation.framework */ = {isa = PBXFileReference; lastKnownFileType = wrapper.framework; name = CoreLocation.framework; path = System/Library/Frameworks/CoreLocation.framework; sourceTree = SDKROOT; };
		C281502F204CBED600F6117B /* zikr.app */ = {isa = PBXFileReference; explicitFileType = wrapper.application; includeInIndex = 0; path = zikr.app; sourceTree = BUILT_PRODUCTS_DIR; };
		C281503C204CBED600F6117B /* Base */ = {isa = PBXFileReference; lastKnownFileType = file.storyboard; name = Base; path = Base.lproj/LaunchScreen.storyboard; sourceTree = "<group>"; };
		C281503E204CBED600F6117B /* Info.plist */ = {isa = PBXFileReference; lastKnownFileType = text.plist.xml; path = Info.plist; sourceTree = "<group>"; };
		C281504D204CD8D000F6117B /* AppTabController.swift */ = {isa = PBXFileReference; lastKnownFileType = sourcecode.swift; path = AppTabController.swift; sourceTree = "<group>"; };
		C2815053204F783100F6117B /* AppDelegate.swift */ = {isa = PBXFileReference; fileEncoding = 4; lastKnownFileType = sourcecode.swift; path = AppDelegate.swift; sourceTree = "<group>"; };
		C28803122063466800C68F03 /* DoaaTableViewController.swift */ = {isa = PBXFileReference; lastKnownFileType = sourcecode.swift; path = DoaaTableViewController.swift; sourceTree = "<group>"; };
		C28803132063466800C68F03 /* DoaaTableViewController.xib */ = {isa = PBXFileReference; lastKnownFileType = file.xib; path = DoaaTableViewController.xib; sourceTree = "<group>"; };
		C2CA97EC207ADA9100D25D4C /* AzkarViewController.swift */ = {isa = PBXFileReference; lastKnownFileType = sourcecode.swift; path = AzkarViewController.swift; sourceTree = "<group>"; };
		C2CA97ED207ADA9100D25D4C /* AzkarViewController.xib */ = {isa = PBXFileReference; lastKnownFileType = file.xib; path = AzkarViewController.xib; sourceTree = "<group>"; };
		C2CA97F0207EE04700D25D4C /* share.png */ = {isa = PBXFileReference; lastKnownFileType = image.png; path = share.png; sourceTree = "<group>"; };
		C2CA97F2207EE0EF00D25D4C /* favorite.png */ = {isa = PBXFileReference; lastKnownFileType = image.png; path = favorite.png; sourceTree = "<group>"; };
		C2CAAB2120B2399C00EA4148 /* 112.mp3 */ = {isa = PBXFileReference; lastKnownFileType = audio.mp3; path = 112.mp3; sourceTree = "<group>"; };
		C2E7F27A20CC20820061B73E /* UIViewController+Zikr.swift */ = {isa = PBXFileReference; lastKnownFileType = sourcecode.swift; path = "UIViewController+Zikr.swift"; sourceTree = "<group>"; };
		C2E7F28220CC880E0061B73E /* SettingsViewModel.swift */ = {isa = PBXFileReference; fileEncoding = 4; lastKnownFileType = sourcecode.swift; path = SettingsViewModel.swift; sourceTree = "<group>"; };
		C2E7F28420CC995A0061B73E /* SettingsTableViewController.swift */ = {isa = PBXFileReference; lastKnownFileType = sourcecode.swift; path = SettingsTableViewController.swift; sourceTree = "<group>"; };
		C2E7F28520CC995A0061B73E /* SettingsTableViewController.xib */ = {isa = PBXFileReference; lastKnownFileType = file.xib; path = SettingsTableViewController.xib; sourceTree = "<group>"; };
		C2E7F28820CC9A5B0061B73E /* ChangeLocationTableViewController.swift */ = {isa = PBXFileReference; lastKnownFileType = sourcecode.swift; path = ChangeLocationTableViewController.swift; sourceTree = "<group>"; };
		C2E7F28920CC9A5B0061B73E /* ChangeLocationTableViewController.xib */ = {isa = PBXFileReference; lastKnownFileType = file.xib; path = ChangeLocationTableViewController.xib; sourceTree = "<group>"; };
		C2E7F28C20CC9B250061B73E /* CalculationMethodTableViewController.swift */ = {isa = PBXFileReference; lastKnownFileType = sourcecode.swift; path = CalculationMethodTableViewController.swift; sourceTree = "<group>"; };
		C2E7F28D20CC9B250061B73E /* CalculationMethodTableViewController.xib */ = {isa = PBXFileReference; lastKnownFileType = file.xib; path = CalculationMethodTableViewController.xib; sourceTree = "<group>"; };
		C2E7F29020CDB5D60061B73E /* ZikrActionsTableViewCell.swift */ = {isa = PBXFileReference; lastKnownFileType = sourcecode.swift; path = ZikrActionsTableViewCell.swift; sourceTree = "<group>"; };
		C2E7F29120CDB5D60061B73E /* ZikrActionsTableViewCell.xib */ = {isa = PBXFileReference; lastKnownFileType = file.xib; path = ZikrActionsTableViewCell.xib; sourceTree = "<group>"; };
		C2F8C93320648F0500630B0A /* zikrTests.xctest */ = {isa = PBXFileReference; explicitFileType = wrapper.cfbundle; includeInIndex = 0; path = zikrTests.xctest; sourceTree = BUILT_PRODUCTS_DIR; };
		C2F8C93520648F0500630B0A /* zikrTests.swift */ = {isa = PBXFileReference; lastKnownFileType = sourcecode.swift; path = zikrTests.swift; sourceTree = "<group>"; };
		C2F8C93720648F0500630B0A /* Info.plist */ = {isa = PBXFileReference; lastKnownFileType = text.plist.xml; path = Info.plist; sourceTree = "<group>"; };
/* End PBXFileReference section */

/* Begin PBXFrameworksBuildPhase section */
		C281502C204CBED600F6117B /* Frameworks */ = {
			isa = PBXFrameworksBuildPhase;
			buildActionMask = 2147483647;
			files = (
				C28794D920682EBA007FEBE4 /* SwiftyJSON.framework in Frameworks */,
				C28794D720682E77007FEBE4 /* Moya.framework in Frameworks */,
				C28794CF20682CEC007FEBE4 /* Alamofire.framework in Frameworks */,
				C28794D020682CEC007FEBE4 /* Result.framework in Frameworks */,
			);
			runOnlyForDeploymentPostprocessing = 0;
		};
		C2F8C93020648F0500630B0A /* Frameworks */ = {
			isa = PBXFrameworksBuildPhase;
			buildActionMask = 2147483647;
			files = (
			);
			runOnlyForDeploymentPostprocessing = 0;
		};
/* End PBXFrameworksBuildPhase section */

/* Begin PBXGroup section */
		C21E4E9D20A3D2D600D07557 /* Common */ = {
			isa = PBXGroup;
			children = (
				C21E4E9E20A3D31000D07557 /* GradientView.swift */,
			);
			path = Common;
			sourceTree = "<group>";
		};
		C224DDBB208EB27F0089A9F0 /* Tab Bar */ = {
			isa = PBXGroup;
			children = (
				C281504D204CD8D000F6117B /* AppTabController.swift */,
			);
			path = "Tab Bar";
			sourceTree = "<group>";
		};
		C224DDBC208EB2A00089A9F0 /* Core Data */ = {
			isa = PBXGroup;
			children = (
				C224DDBD208EB2CD0089A9F0 /* Model.xcdatamodeld */,
				C224DDC0208ED2560089A9F0 /* CoreDataManager.swift */,
			);
			path = "Core Data";
			sourceTree = "<group>";
		};
		C23942B92055AEE600637428 /* Endpoints */ = {
			isa = PBXGroup;
			children = (
				C23942BA2055AEF500637428 /* UnauthenticatedEndpoints.swift */,
			);
			path = Endpoints;
			sourceTree = "<group>";
		};
		C23942BC2055B19300637428 /* Frameworks */ = {
			isa = PBXGroup;
			children = (
				C25EDB7B2068298A00CF164F /* Nimble.framework */,
				C25EDB7A2068298900CF164F /* Quick.framework */,
				C263AC8E20576A0D00F72703 /* CoreLocation.framework */,
				C23942BD2055B19300637428 /* Alamofire.framework */,
				C23942C02055B19300637428 /* Moya.framework */,
				C23942BE2055B19300637428 /* Result.framework */,
				C23942BF2055B19300637428 /* SwiftyJSON.framework */,
			);
			name = Frameworks;
			sourceTree = "<group>";
		};
		C23942CA2055BC2600637428 /* Clients */ = {
			isa = PBXGroup;
			children = (
				C22607E6205D5486001787CF /* AzkarClient.swift */,
			);
			path = Clients;
			sourceTree = "<group>";
		};
		C23942CF2055C36100637428 /* Model */ = {
			isa = PBXGroup;
			children = (
				C22607E8205D5E75001787CF /* AzkarData.swift */,
				C23942D02055C37500637428 /* ZikrNotificationTime.swift */,
				C224DD862086DBD50089A9F0 /* ZikrModel.swift */,
			);
			path = Model;
			sourceTree = "<group>";
		};
		C23942D22055C80E00637428 /* Errors */ = {
			isa = PBXGroup;
			children = (
				C23942D32055C81E00637428 /* ClientError.swift */,
			);
			path = Errors;
			sourceTree = "<group>";
		};
		C23942D52055E1E000637428 /* Extensions */ = {
			isa = PBXGroup;
			children = (
				C23942D62055E27100637428 /* Date+Zikr.swift */,
				C235B4DA205E93C60083DA14 /* UserDefaults+Zikr.swift */,
				C2E7F27A20CC20820061B73E /* UIViewController+Zikr.swift */,
			);
			path = Extensions;
			sourceTree = "<group>";
		};
		C239F74F2083DC0100A83BDA /* SupportFiles */ = {
			isa = PBXGroup;
			children = (
				C23942CD2055BEFB00637428 /* Constants.swift */,
				C2815053204F783100F6117B /* AppDelegate.swift */,
				C2CAAB2120B2399C00EA4148 /* 112.mp3 */,
				C281503B204CBED600F6117B /* LaunchScreen.storyboard */,
				C281503E204CBED600F6117B /* Info.plist */,
				C23942B72055A95C00637428 /* Assets.xcassets */,
			);
			path = SupportFiles;
			sourceTree = "<group>";
		};
		C24E771E2052374A00C3571D /* Notifications */ = {
			isa = PBXGroup;
			children = (
				C24E771F2052376D00C3571D /* AzkarNotificationsModel.swift */,
				C2CA97F2207EE0EF00D25D4C /* favorite.png */,
				C2CA97F0207EE04700D25D4C /* share.png */,
			);
			path = Notifications;
			sourceTree = "<group>";
		};
		C263AC8A2057679700F72703 /* Screens */ = {
			isa = PBXGroup;
			children = (
				C224DDBB208EB27F0089A9F0 /* Tab Bar */,
				C263AC8D205767AD00F72703 /* Settings */,
				C263AC8C205767A800F72703 /* Duaa */,
				C263AC8B205767A200F72703 /* Azkar */,
			);
			path = Screens;
			sourceTree = "<group>";
		};
		C263AC8B205767A200F72703 /* Azkar */ = {
			isa = PBXGroup;
			children = (
				C2CA97ED207ADA9100D25D4C /* AzkarViewController.xib */,
				C2CA97EC207ADA9100D25D4C /* AzkarViewController.swift */,
				C224DD8F20896F030089A9F0 /* ZikrTableViewCell.xib */,
				C224DD98208D61290089A9F0 /* ZikrTableViewCell.swift */,
				C2E7F29120CDB5D60061B73E /* ZikrActionsTableViewCell.xib */,
				C2E7F29020CDB5D60061B73E /* ZikrActionsTableViewCell.swift */,
				C22055CB2080230B00FCE437 /* ZikrQuranViewModel.swift */,
			);
			path = Azkar;
			sourceTree = "<group>";
		};
		C263AC8C205767A800F72703 /* Duaa */ = {
			isa = PBXGroup;
			children = (
				C28803122063466800C68F03 /* DoaaTableViewController.swift */,
				C28803132063466800C68F03 /* DoaaTableViewController.xib */,
			);
			path = Duaa;
			sourceTree = "<group>";
		};
		C263AC8D205767AD00F72703 /* Settings */ = {
			isa = PBXGroup;
			children = (
				C2E7F28220CC880E0061B73E /* SettingsViewModel.swift */,
				C263AC8620561A1200F72703 /* CalculationMethod.swift */,
				C263AC882057617400F72703 /* Location.swift */,
				C20194012058B198005ED7DC /* LocationMO.swift */,
				C2E7F28420CC995A0061B73E /* SettingsTableViewController.swift */,
				C2E7F28520CC995A0061B73E /* SettingsTableViewController.xib */,
				C2E7F28820CC9A5B0061B73E /* ChangeLocationTableViewController.swift */,
				C2E7F28920CC9A5B0061B73E /* ChangeLocationTableViewController.xib */,
				C2E7F28C20CC9B250061B73E /* CalculationMethodTableViewController.swift */,
				C2E7F28D20CC9B250061B73E /* CalculationMethodTableViewController.xib */,
			);
			path = Settings;
			sourceTree = "<group>";
		};
		C2815026204CBED600F6117B = {
			isa = PBXGroup;
			children = (
				C2815031204CBED600F6117B /* zikr */,
				C2F8C93420648F0500630B0A /* zikrTests */,
				C2815030204CBED600F6117B /* Products */,
				C23942BC2055B19300637428 /* Frameworks */,
			);
			sourceTree = "<group>";
		};
		C2815030204CBED600F6117B /* Products */ = {
			isa = PBXGroup;
			children = (
				C281502F204CBED600F6117B /* zikr.app */,
				C2F8C93320648F0500630B0A /* zikrTests.xctest */,
			);
			name = Products;
			sourceTree = "<group>";
		};
		C2815031204CBED600F6117B /* zikr */ = {
			isa = PBXGroup;
			children = (
				C21E4E9D20A3D2D600D07557 /* Common */,
				C224DDBC208EB2A00089A9F0 /* Core Data */,
				C23942CA2055BC2600637428 /* Clients */,
				C23942B92055AEE600637428 /* Endpoints */,
				C23942D22055C80E00637428 /* Errors */,
				C23942D52055E1E000637428 /* Extensions */,
				C23942CF2055C36100637428 /* Model */,
				C24E771E2052374A00C3571D /* Notifications */,
				C263AC8A2057679700F72703 /* Screens */,
				C239F74F2083DC0100A83BDA /* SupportFiles */,
			);
			path = zikr;
			sourceTree = "<group>";
		};
		C2F8C93420648F0500630B0A /* zikrTests */ = {
			isa = PBXGroup;
			children = (
				C2F8C93520648F0500630B0A /* zikrTests.swift */,
				C2F8C93720648F0500630B0A /* Info.plist */,
			);
			path = zikrTests;
			sourceTree = "<group>";
		};
/* End PBXGroup section */

/* Begin PBXNativeTarget section */
		C281502E204CBED600F6117B /* zikr */ = {
			isa = PBXNativeTarget;
			buildConfigurationList = C2815041204CBED600F6117B /* Build configuration list for PBXNativeTarget "zikr" */;
			buildPhases = (
				C281502B204CBED600F6117B /* Sources */,
				C281502C204CBED600F6117B /* Frameworks */,
				C281502D204CBED600F6117B /* Resources */,
				C28794D420682D66007FEBE4 /* CopyFiles */,
			);
			buildRules = (
			);
			dependencies = (
			);
			name = zikr;
			productName = azkar;
			productReference = C281502F204CBED600F6117B /* zikr.app */;
			productType = "com.apple.product-type.application";
		};
		C2F8C93220648F0500630B0A /* zikrTests */ = {
			isa = PBXNativeTarget;
			buildConfigurationList = C2F8C93A20648F0500630B0A /* Build configuration list for PBXNativeTarget "zikrTests" */;
			buildPhases = (
				C2F8C92F20648F0500630B0A /* Sources */,
				C2F8C93020648F0500630B0A /* Frameworks */,
				C2F8C93120648F0500630B0A /* Resources */,
				C28794D120682D4C007FEBE4 /* CopyFiles */,
			);
			buildRules = (
			);
			dependencies = (
				C2F8C93920648F0500630B0A /* PBXTargetDependency */,
			);
			name = zikrTests;
			productName = zikrTests;
			productReference = C2F8C93320648F0500630B0A /* zikrTests.xctest */;
			productType = "com.apple.product-type.bundle.unit-test";
		};
/* End PBXNativeTarget section */

/* Begin PBXProject section */
		C2815027204CBED600F6117B /* Project object */ = {
			isa = PBXProject;
			attributes = {
				LastSwiftUpdateCheck = 0920;
				LastUpgradeCheck = 0930;
				ORGANIZATIONNAME = "Ahmed Ebaid";
				TargetAttributes = {
					C281502E204CBED600F6117B = {
						CreatedOnToolsVersion = 9.2;
						LastSwiftMigration = 1000;
						ProvisioningStyle = Automatic;
						SystemCapabilities = {
							com.apple.BackgroundModes = {
								enabled = 1;
							};
						};
					};
					C2F8C93220648F0500630B0A = {
						CreatedOnToolsVersion = 9.2;
						LastSwiftMigration = 1000;
						ProvisioningStyle = Automatic;
						TestTargetID = C281502E204CBED600F6117B;
					};
				};
			};
			buildConfigurationList = C281502A204CBED600F6117B /* Build configuration list for PBXProject "zikr" */;
			compatibilityVersion = "Xcode 8.0";
			developmentRegion = en;
			hasScannedForEncodings = 0;
			knownRegions = (
				en,
				Base,
			);
			mainGroup = C2815026204CBED600F6117B;
			productRefGroup = C2815030204CBED600F6117B /* Products */;
			projectDirPath = "";
			projectRoot = "";
			targets = (
				C281502E204CBED600F6117B /* zikr */,
				C2F8C93220648F0500630B0A /* zikrTests */,
			);
		};
/* End PBXProject section */

/* Begin PBXResourcesBuildPhase section */
		C281502D204CBED600F6117B /* Resources */ = {
			isa = PBXResourcesBuildPhase;
			buildActionMask = 2147483647;
			files = (
				C2E7F28B20CC9A5B0061B73E /* ChangeLocationTableViewController.xib in Resources */,
				C2E7F28720CC995A0061B73E /* SettingsTableViewController.xib in Resources */,
				C23942B82055A95C00637428 /* Assets.xcassets in Resources */,
				C2CAAB2220B2399C00EA4148 /* 112.mp3 in Resources */,
				C224DD9120896F030089A9F0 /* ZikrTableViewCell.xib in Resources */,
				C2E7F29320CDB5D60061B73E /* ZikrActionsTableViewCell.xib in Resources */,
				C2E7F28F20CC9B250061B73E /* CalculationMethodTableViewController.xib in Resources */,
				C28803152063466800C68F03 /* DoaaTableViewController.xib in Resources */,
				C281503D204CBED600F6117B /* LaunchScreen.storyboard in Resources */,
				C2CA97EF207ADA9100D25D4C /* AzkarViewController.xib in Resources */,
				C2CA97F3207EE0EF00D25D4C /* favorite.png in Resources */,
				C2CA97F1207EE04700D25D4C /* share.png in Resources */,
			);
			runOnlyForDeploymentPostprocessing = 0;
		};
		C2F8C93120648F0500630B0A /* Resources */ = {
			isa = PBXResourcesBuildPhase;
			buildActionMask = 2147483647;
			files = (
			);
			runOnlyForDeploymentPostprocessing = 0;
		};
/* End PBXResourcesBuildPhase section */

/* Begin PBXSourcesBuildPhase section */
		C281502B204CBED600F6117B /* Sources */ = {
			isa = PBXSourcesBuildPhase;
			buildActionMask = 2147483647;
			files = (
				C22055CC2080230C00FCE437 /* ZikrQuranViewModel.swift in Sources */,
				C235B4DB205E93C60083DA14 /* UserDefaults+Zikr.swift in Sources */,
				C22607E7205D5486001787CF /* AzkarClient.swift in Sources */,
				C23942D12055C37600637428 /* ZikrNotificationTime.swift in Sources */,
				C23942D72055E27100637428 /* Date+Zikr.swift in Sources */,
				C2E7F29220CDB5D60061B73E /* ZikrActionsTableViewCell.swift in Sources */,
				C24E77202052376D00C3571D /* AzkarNotificationsModel.swift in Sources */,
				C2E7F28A20CC9A5B0061B73E /* ChangeLocationTableViewController.swift in Sources */,
				C28803142063466800C68F03 /* DoaaTableViewController.swift in Sources */,
				C21E4E9F20A3D31000D07557 /* GradientView.swift in Sources */,
				C2CA97EE207ADA9100D25D4C /* AzkarViewController.swift in Sources */,
				C224DDBF208EB2CD0089A9F0 /* Model.xcdatamodeld in Sources */,
				C23942CE2055BEFB00637428 /* Constants.swift in Sources */,
				C224DD99208D61290089A9F0 /* ZikrTableViewCell.swift in Sources */,
				C23942BB2055AEF500637428 /* UnauthenticatedEndpoints.swift in Sources */,
				C2E7F27B20CC20820061B73E /* UIViewController+Zikr.swift in Sources */,
				C22607E9205D5E75001787CF /* AzkarData.swift in Sources */,
				C2E7F28620CC995A0061B73E /* SettingsTableViewController.swift in Sources */,
				C2E7F28E20CC9B250061B73E /* CalculationMethodTableViewController.swift in Sources */,
				C23942D42055C81E00637428 /* ClientError.swift in Sources */,
				C2815054204F783100F6117B /* AppDelegate.swift in Sources */,
				C224DDC1208ED2560089A9F0 /* CoreDataManager.swift in Sources */,
				C224DD872086DBD50089A9F0 /* ZikrModel.swift in Sources */,
				C20194022058B198005ED7DC /* LocationMO.swift in Sources */,
				C281504E204CD8D000F6117B /* AppTabController.swift in Sources */,
				C263AC8720561A1200F72703 /* CalculationMethod.swift in Sources */,
				C263AC892057617400F72703 /* Location.swift in Sources */,
				C2E7F28320CC880F0061B73E /* SettingsViewModel.swift in Sources */,
			);
			runOnlyForDeploymentPostprocessing = 0;
		};
		C2F8C92F20648F0500630B0A /* Sources */ = {
			isa = PBXSourcesBuildPhase;
			buildActionMask = 2147483647;
			files = (
				C2F8C93620648F0500630B0A /* zikrTests.swift in Sources */,
			);
			runOnlyForDeploymentPostprocessing = 0;
		};
/* End PBXSourcesBuildPhase section */

/* Begin PBXTargetDependency section */
		C2F8C93920648F0500630B0A /* PBXTargetDependency */ = {
			isa = PBXTargetDependency;
			target = C281502E204CBED600F6117B /* zikr */;
			targetProxy = C2F8C93820648F0500630B0A /* PBXContainerItemProxy */;
		};
/* End PBXTargetDependency section */

/* Begin PBXVariantGroup section */
		C281503B204CBED600F6117B /* LaunchScreen.storyboard */ = {
			isa = PBXVariantGroup;
			children = (
				C281503C204CBED600F6117B /* Base */,
			);
			name = LaunchScreen.storyboard;
			sourceTree = "<group>";
		};
/* End PBXVariantGroup section */

/* Begin XCBuildConfiguration section */
		C281503F204CBED600F6117B /* Debug */ = {
			isa = XCBuildConfiguration;
			buildSettings = {
				ALWAYS_SEARCH_USER_PATHS = NO;
				CLANG_ANALYZER_NONNULL = YES;
				CLANG_ANALYZER_NUMBER_OBJECT_CONVERSION = YES_AGGRESSIVE;
				CLANG_CXX_LANGUAGE_STANDARD = "gnu++14";
				CLANG_CXX_LIBRARY = "libc++";
				CLANG_ENABLE_MODULES = YES;
				CLANG_ENABLE_OBJC_ARC = YES;
				CLANG_WARN_BLOCK_CAPTURE_AUTORELEASING = YES;
				CLANG_WARN_BOOL_CONVERSION = YES;
				CLANG_WARN_COMMA = YES;
				CLANG_WARN_CONSTANT_CONVERSION = YES;
				CLANG_WARN_DEPRECATED_OBJC_IMPLEMENTATIONS = YES;
				CLANG_WARN_DIRECT_OBJC_ISA_USAGE = YES_ERROR;
				CLANG_WARN_DOCUMENTATION_COMMENTS = YES;
				CLANG_WARN_EMPTY_BODY = YES;
				CLANG_WARN_ENUM_CONVERSION = YES;
				CLANG_WARN_INFINITE_RECURSION = YES;
				CLANG_WARN_INT_CONVERSION = YES;
				CLANG_WARN_NON_LITERAL_NULL_CONVERSION = YES;
				CLANG_WARN_OBJC_IMPLICIT_RETAIN_SELF = YES;
				CLANG_WARN_OBJC_LITERAL_CONVERSION = YES;
				CLANG_WARN_OBJC_ROOT_CLASS = YES_ERROR;
				CLANG_WARN_RANGE_LOOP_ANALYSIS = YES;
				CLANG_WARN_STRICT_PROTOTYPES = YES;
				CLANG_WARN_SUSPICIOUS_MOVE = YES;
				CLANG_WARN_UNGUARDED_AVAILABILITY = YES_AGGRESSIVE;
				CLANG_WARN_UNREACHABLE_CODE = YES;
				CLANG_WARN__DUPLICATE_METHOD_MATCH = YES;
				CODE_SIGN_IDENTITY = "iPhone Developer";
				COPY_PHASE_STRIP = NO;
				DEBUG_INFORMATION_FORMAT = dwarf;
				ENABLE_STRICT_OBJC_MSGSEND = YES;
				ENABLE_TESTABILITY = YES;
				GCC_C_LANGUAGE_STANDARD = gnu11;
				GCC_DYNAMIC_NO_PIC = NO;
				GCC_NO_COMMON_BLOCKS = YES;
				GCC_OPTIMIZATION_LEVEL = 0;
				GCC_PREPROCESSOR_DEFINITIONS = (
					"DEBUG=1",
					"$(inherited)",
				);
				GCC_WARN_64_TO_32_BIT_CONVERSION = YES;
				GCC_WARN_ABOUT_RETURN_TYPE = YES_ERROR;
				GCC_WARN_UNDECLARED_SELECTOR = YES;
				GCC_WARN_UNINITIALIZED_AUTOS = YES_AGGRESSIVE;
				GCC_WARN_UNUSED_FUNCTION = YES;
				GCC_WARN_UNUSED_VARIABLE = YES;
				IPHONEOS_DEPLOYMENT_TARGET = 11.2;
				MTL_ENABLE_DEBUG_INFO = YES;
				ONLY_ACTIVE_ARCH = YES;
				SDKROOT = iphoneos;
				SWIFT_ACTIVE_COMPILATION_CONDITIONS = DEBUG;
				SWIFT_OPTIMIZATION_LEVEL = "-Onone";
			};
			name = Debug;
		};
		C2815040204CBED600F6117B /* Release */ = {
			isa = XCBuildConfiguration;
			buildSettings = {
				ALWAYS_SEARCH_USER_PATHS = NO;
				CLANG_ANALYZER_NONNULL = YES;
				CLANG_ANALYZER_NUMBER_OBJECT_CONVERSION = YES_AGGRESSIVE;
				CLANG_CXX_LANGUAGE_STANDARD = "gnu++14";
				CLANG_CXX_LIBRARY = "libc++";
				CLANG_ENABLE_MODULES = YES;
				CLANG_ENABLE_OBJC_ARC = YES;
				CLANG_WARN_BLOCK_CAPTURE_AUTORELEASING = YES;
				CLANG_WARN_BOOL_CONVERSION = YES;
				CLANG_WARN_COMMA = YES;
				CLANG_WARN_CONSTANT_CONVERSION = YES;
				CLANG_WARN_DEPRECATED_OBJC_IMPLEMENTATIONS = YES;
				CLANG_WARN_DIRECT_OBJC_ISA_USAGE = YES_ERROR;
				CLANG_WARN_DOCUMENTATION_COMMENTS = YES;
				CLANG_WARN_EMPTY_BODY = YES;
				CLANG_WARN_ENUM_CONVERSION = YES;
				CLANG_WARN_INFINITE_RECURSION = YES;
				CLANG_WARN_INT_CONVERSION = YES;
				CLANG_WARN_NON_LITERAL_NULL_CONVERSION = YES;
				CLANG_WARN_OBJC_IMPLICIT_RETAIN_SELF = YES;
				CLANG_WARN_OBJC_LITERAL_CONVERSION = YES;
				CLANG_WARN_OBJC_ROOT_CLASS = YES_ERROR;
				CLANG_WARN_RANGE_LOOP_ANALYSIS = YES;
				CLANG_WARN_STRICT_PROTOTYPES = YES;
				CLANG_WARN_SUSPICIOUS_MOVE = YES;
				CLANG_WARN_UNGUARDED_AVAILABILITY = YES_AGGRESSIVE;
				CLANG_WARN_UNREACHABLE_CODE = YES;
				CLANG_WARN__DUPLICATE_METHOD_MATCH = YES;
				CODE_SIGN_IDENTITY = "iPhone Developer";
				COPY_PHASE_STRIP = NO;
				DEBUG_INFORMATION_FORMAT = "dwarf-with-dsym";
				ENABLE_NS_ASSERTIONS = NO;
				ENABLE_STRICT_OBJC_MSGSEND = YES;
				GCC_C_LANGUAGE_STANDARD = gnu11;
				GCC_NO_COMMON_BLOCKS = YES;
				GCC_WARN_64_TO_32_BIT_CONVERSION = YES;
				GCC_WARN_ABOUT_RETURN_TYPE = YES_ERROR;
				GCC_WARN_UNDECLARED_SELECTOR = YES;
				GCC_WARN_UNINITIALIZED_AUTOS = YES_AGGRESSIVE;
				GCC_WARN_UNUSED_FUNCTION = YES;
				GCC_WARN_UNUSED_VARIABLE = YES;
				IPHONEOS_DEPLOYMENT_TARGET = 11.2;
				MTL_ENABLE_DEBUG_INFO = NO;
				SDKROOT = iphoneos;
				SWIFT_OPTIMIZATION_LEVEL = "-Owholemodule";
				VALIDATE_PRODUCT = YES;
			};
			name = Release;
		};
		C2815042204CBED600F6117B /* Debug */ = {
			isa = XCBuildConfiguration;
			buildSettings = {
				ALWAYS_EMBED_SWIFT_STANDARD_LIBRARIES = YES;
				ASSETCATALOG_COMPILER_APPICON_NAME = AppIcon;
				CODE_SIGN_STYLE = Automatic;
				DEBUG_INFORMATION_FORMAT = "dwarf-with-dsym";
				DEVELOPMENT_TEAM = 4QC25NDT48;
				FRAMEWORK_SEARCH_PATHS = (
					"$(inherited)",
					"$(PROJECT_DIR)/Carthage/Build/iOS",
				);
				INFOPLIST_FILE = "$(SRCROOT)/zikr/SupportFiles/Info.plist";
				LD_RUNPATH_SEARCH_PATHS = "$(inherited) @executable_path/Frameworks";
				PRODUCT_BUNDLE_IDENTIFIER = com.ebaid.azkar;
				PRODUCT_NAME = "$(TARGET_NAME)";
				STRIP_INSTALLED_PRODUCT = NO;
				SWIFT_VERSION = 4.2;
				TARGETED_DEVICE_FAMILY = "1,2";
			};
			name = Debug;
		};
		C2815043204CBED600F6117B /* Release */ = {
			isa = XCBuildConfiguration;
			buildSettings = {
				ALWAYS_EMBED_SWIFT_STANDARD_LIBRARIES = YES;
				ASSETCATALOG_COMPILER_APPICON_NAME = AppIcon;
				CODE_SIGN_STYLE = Automatic;
				DEVELOPMENT_TEAM = 4QC25NDT48;
				FRAMEWORK_SEARCH_PATHS = (
					"$(inherited)",
					"$(PROJECT_DIR)/Carthage/Build/iOS",
				);
				INFOPLIST_FILE = "$(SRCROOT)/zikr/SupportFiles/Info.plist";
				LD_RUNPATH_SEARCH_PATHS = "$(inherited) @executable_path/Frameworks";
				PRODUCT_BUNDLE_IDENTIFIER = com.ebaid.azkar;
				PRODUCT_NAME = "$(TARGET_NAME)";
				STRIP_INSTALLED_PRODUCT = NO;
				SWIFT_VERSION = 4.2;
				TARGETED_DEVICE_FAMILY = "1,2";
			};
			name = Release;
		};
		C2F8C93B20648F0500630B0A /* Debug */ = {
			isa = XCBuildConfiguration;
			buildSettings = {
				BUNDLE_LOADER = "$(TEST_HOST)";
				CODE_SIGN_STYLE = Automatic;
				DEVELOPMENT_TEAM = 4QC25NDT48;
				INFOPLIST_FILE = zikrTests/Info.plist;
				LD_RUNPATH_SEARCH_PATHS = "$(inherited) @executable_path/Frameworks @loader_path/Frameworks";
				PRODUCT_BUNDLE_IDENTIFIER = com.ebaid.zikrTests;
				PRODUCT_NAME = "$(TARGET_NAME)";
				SWIFT_VERSION = 4.2;
				TARGETED_DEVICE_FAMILY = "1,2";
				TEST_HOST = "$(BUILT_PRODUCTS_DIR)/zikr.app/zikr";
			};
			name = Debug;
		};
		C2F8C93C20648F0500630B0A /* Release */ = {
			isa = XCBuildConfiguration;
			buildSettings = {
				BUNDLE_LOADER = "$(TEST_HOST)";
				CODE_SIGN_STYLE = Automatic;
				DEVELOPMENT_TEAM = 4QC25NDT48;
				INFOPLIST_FILE = zikrTests/Info.plist;
				LD_RUNPATH_SEARCH_PATHS = "$(inherited) @executable_path/Frameworks @loader_path/Frameworks";
				PRODUCT_BUNDLE_IDENTIFIER = com.ebaid.zikrTests;
				PRODUCT_NAME = "$(TARGET_NAME)";
				SWIFT_VERSION = 4.2;
				TARGETED_DEVICE_FAMILY = "1,2";
				TEST_HOST = "$(BUILT_PRODUCTS_DIR)/zikr.app/zikr";
			};
			name = Release;
		};
/* End XCBuildConfiguration section */

/* Begin XCConfigurationList section */
		C281502A204CBED600F6117B /* Build configuration list for PBXProject "zikr" */ = {
			isa = XCConfigurationList;
			buildConfigurations = (
				C281503F204CBED600F6117B /* Debug */,
				C2815040204CBED600F6117B /* Release */,
			);
			defaultConfigurationIsVisible = 0;
			defaultConfigurationName = Debug;
		};
		C2815041204CBED600F6117B /* Build configuration list for PBXNativeTarget "zikr" */ = {
			isa = XCConfigurationList;
			buildConfigurations = (
				C2815042204CBED600F6117B /* Debug */,
				C2815043204CBED600F6117B /* Release */,
			);
			defaultConfigurationIsVisible = 0;
			defaultConfigurationName = Debug;
		};
		C2F8C93A20648F0500630B0A /* Build configuration list for PBXNativeTarget "zikrTests" */ = {
			isa = XCConfigurationList;
			buildConfigurations = (
				C2F8C93B20648F0500630B0A /* Debug */,
				C2F8C93C20648F0500630B0A /* Release */,
			);
			defaultConfigurationIsVisible = 0;
			defaultConfigurationName = Debug;
		};
/* End XCConfigurationList section */

/* Begin XCVersionGroup section */
		C224DDBD208EB2CD0089A9F0 /* Model.xcdatamodeld */ = {
			isa = XCVersionGroup;
			children = (
				C224DDBE208EB2CD0089A9F0 /* Model.xcdatamodel */,
			);
			currentVersion = C224DDBE208EB2CD0089A9F0 /* Model.xcdatamodel */;
			path = Model.xcdatamodeld;
			sourceTree = "<group>";
			versionGroupType = wrapper.xcdatamodel;
		};
/* End XCVersionGroup section */
	};
	rootObject = C2815027204CBED600F6117B /* Project object */;
}
